# This file was autogenerated by Stack.
# You should not edit this file by hand.
# For more information, please see the documentation at:
#   https://docs.haskellstack.org/en/stable/lock_files

packages:
- completed:
    hackage: Diff-0.3.4@sha256:5ab20a407f9e65d13b642c3cd414906a40280343a31b388f6ed69b9228fe42c1,1127
    pantry-tree:
      size: 416
      sha256: 48d1b942ff99293d69a8ca4ea60f372093e5aeea73f63d11829ceca01d63c7fd
  original:
    hackage: Diff-0.3.4@sha256:5ab20a407f9e65d13b642c3cd414906a40280343a31b388f6ed69b9228fe42c1,1127
- completed:
    hackage: liquid-base-4.14.1.0@sha256:5df5cf52b893238e243b48ee647389caa81fbb838c9de26691ded4a3f091c5a3,9066
    pantry-tree:
      size: 14924
      sha256: f5d02ebd3d54536d8fe1074fc727bcd64de2b1666936a70e57c534576d9ff4f2
  original:
    hackage: liquid-base-4.14.1.0
- completed:
    hackage: liquid-containers-0.6.2.1@sha256:e04f83f398818b11bdabe7df3219bb6d300edb083bf3bf21f8ff8e220552a8c9,2293
    pantry-tree:
      size: 2143
      sha256: 94c0c12f8eb26f93359d97347dd71132cacd82b79052bb2cedf5282899128ede
  original:
    hackage: liquid-containers-0.6.2.1@sha256:e04f83f398818b11bdabe7df3219bb6d300edb083bf3bf21f8ff8e220552a8c9,2293
- completed:
    hackage: liquid-ghc-prim-0.6.1@sha256:83ef2d8fb705f31f269ce2b3e05af4333fb77c7083d3a56c25032dffd6dfd7b7,1766
    pantry-tree:
      size: 858
      sha256: b8b0bde3cc45e2e7f3517f24aa8a96e224bfb5cab08df4259cf2a597d9748104
  original:
    hackage: liquid-ghc-prim-0.6.1@sha256:83ef2d8fb705f31f269ce2b3e05af4333fb77c7083d3a56c25032dffd6dfd7b7,1766
- completed:
    hackage: liquid-fixpoint-0.8.10.2@sha256:1646c4cc5f81349356a0d37bd3c8f4db74ced9e1707a2e19915c8d2fa6ae9e43,7306
    pantry-tree:
      size: 14011
      sha256: 7efb1b4ca372a0bf356cdd01ad1c504e228194de7db5bbedfffe9d9e87917a1a
  original:
    hackage: liquid-fixpoint-0.8.10.2@sha256:1646c4cc5f81349356a0d37bd3c8f4db74ced9e1707a2e19915c8d2fa6ae9e43,7306
- completed:
    hackage: liquidhaskell-0.8.10.2@sha256:a0e70faa58aaf44524d149f7c793836751a3af1f056083ab7b8eb937755747ad,15357
    pantry-tree:
      size: 69560
      sha256: 7a0dc2b37d36f95eef894e618e4aac19313a4389eb073ce80910dc94308650fa
  original:
    hackage: liquidhaskell-0.8.10.2
- completed:
    hackage: text-format-0.3.2@sha256:2a3fc17cf87120fcfdbca62a0da59759755549285841cdc1483081c35fb3d115,1814
    pantry-tree:
      size: 1029
      sha256: 2db26ddb77184186e0d5b2b020bdfbeb044c168024767b1fa3691682ca618896
  original:
    hackage: text-format-0.3.2@sha256:2a3fc17cf87120fcfdbca62a0da59759755549285841cdc1483081c35fb3d115,1814
snapshots:
- completed:
    size: 526492
    url: https://raw.githubusercontent.com/commercialhaskell/stackage-snapshots/master/nightly/2020/8/30.yaml
    sha256: 884c2a520fe9d9c0447cfb076852dcb1da1002c5e6e9ade3352a072e3f5a2648
  original: nightly-2020-08-30
